{
  "name": "vouch",
  "version": "0.1.0",
  "lockfileVersion": 3,
  "requires": true,
  "packages": {
    "": {
      "name": "vouch",
      "version": "0.1.0",
      "dependencies": {
        "@gluwa/usc-contracts": "^0.2.0"
      },
      "devDependencies": {}
    },
    "node_modules/@gluwa/usc-contracts": {
      "version": "0.2.0",
      "resolved": "https://registry.npmjs.org/@gluwa/usc-contracts/-/usc-contracts-0.2.0.tgz",
      "integrity": "sha512-oqUsx0QWl6lbs7SdBxuSEEYXRm86r8F6MlX03t6Cpq7phHjc1zhi25/McBP3lqShnx1XYEBe8KT164SIbnQLTA==",
      "license": "MIT",
      "dependencies": {
        "@openzeppelin/contracts": "5.1.0"
      }
    },
    "node_modules/@openzeppelin/contracts": {
      "version": "5.1.0",
      "resolved": "https://registry.npmjs.org/@openzeppelin/contracts/-/contracts-5.1.0.tgz",
      "integrity": "sha512-p1ULhl7BXzjjbha5aqst+QMLY+4/LCWADXOCsmLHRM77AqiPjnd9vvUN9sosUfhL9JGKpZ0TjEGxgvnizmWGSA==",
      "license": "MIT"
    }
  }
}
